// !$*UTF8*$!
{
	archiveVersion = 1;
	classes = {
	};
	objectVersion = 56;
	objects = {

/* Begin PBXBuildFile section */
		E93218052AE707BA00FA6FE3 /* SpriteKitIntegrationApp.swift in Sources */ = {isa = PBXBuildFile; fileRef = E93218042AE707BA00FA6FE3 /* SpriteKitIntegrationApp.swift */; };
		E93218072AE707BA00FA6FE3 /* ContentView.swift in Sources */ = {isa = PBXBuildFile; fileRef = E93218062AE707BA00FA6FE3 /* ContentView.swift */; };
		E93218092AE707BC00FA6FE3 /* Assets.xcassets in Resources */ = {isa = PBXBuildFile; fileRef = E93218082AE707BC00FA6FE3 /* Assets.xcassets */; };
		E932180C2AE707BC00FA6FE3 /* Preview Assets.xcassets in Resources */ = {isa = PBXBuildFile; fileRef = E932180B2AE707BC00FA6FE3 /* Preview Assets.xcassets */; };
		E93218132AE7186700FA6FE3 /* GameScene.swift in Sources */ = {isa = PBXBuildFile; fileRef = E93218122AE7186700FA6FE3 /* GameScene.swift */; };
		E93218152AE71E6000FA6FE3 /* BitMask.swift in Sources */ = {isa = PBXBuildFile; fileRef = E93218142AE71E6000FA6FE3 /* BitMask.swift */; };
		E969D1202AE83692001157B1 /* GameLogicDelegate.swift in Sources */ = {isa = PBXBuildFile; fileRef = E969D11F2AE83692001157B1 /* GameLogicDelegate.swift */; };
		E9EDD8552AE822CC00659CA8 /* GameScene+Logic.swift in Sources */ = {isa = PBXBuildFile; fileRef = E9EDD8542AE822CC00659CA8 /* GameScene+Logic.swift */; };
		E9EDD8572AE8234700659CA8 /* GameScene+Collisions.swift in Sources */ = {isa = PBXBuildFile; fileRef = E9EDD8562AE8234700659CA8 /* GameScene+Collisions.swift */; };
/* End PBXBuildFile section */

/* Begin PBXFileReference section */
		E93218012AE707BA00FA6FE3 /* SpriteKitIntegration.app */ = {isa = PBXFileReference; explicitFileType = wrapper.application; includeInIndex = 0; path = SpriteKitIntegration.app; sourceTree = BUILT_PRODUCTS_DIR; };
		E93218042AE707BA00FA6FE3 /* SpriteKitIntegrationApp.swift */ = {isa = PBXFileReference; lastKnownFileType = sourcecode.swift; path = SpriteKitIntegrationApp.swift; sourceTree = "<group>"; };
		E93218062AE707BA00FA6FE3 /* ContentView.swift */ = {isa = PBXFileReference; lastKnownFileType = sourcecode.swift; path = ContentView.swift; sourceTree = "<group>"; };
		E93218082AE707BC00FA6FE3 /* Assets.xcassets */ = {isa = PBXFileReference; lastKnownFileType = folder.assetcatalog; path = Assets.xcassets; sourceTree = "<group>"; };
		E932180B2AE707BC00FA6FE3 /* Preview Assets.xcassets */ = {isa = PBXFileReference; lastKnownFileType = folder.assetcatalog; path = "Preview Assets.xcassets"; sourceTree = "<group>"; };
		E93218122AE7186700FA6FE3 /* GameScene.swift */ = {isa = PBXFileReference; lastKnownFileType = sourcecode.swift; path = GameScene.swift; sourceTree = "<group>"; };
		E93218142AE71E6000FA6FE3 /* BitMask.swift */ = {isa = PBXFileReference; lastKnownFileType = sourcecode.swift; path = BitMask.swift; sourceTree = "<group>"; };
		E969D11F2AE83692001157B1 /* GameLogicDelegate.swift */ = {isa = PBXFileReference; lastKnownFileType = sourcecode.swift; path = GameLogicDelegate.swift; sourceTree = "<group>"; };
		E9EDD8542AE822CC00659CA8 /* GameScene+Logic.swift */ = {isa = PBXFileReference; lastKnownFileType = sourcecode.swift; path = "GameScene+Logic.swift"; sourceTree = "<group>"; };
		E9EDD8562AE8234700659CA8 /* GameScene+Collisions.swift */ = {isa = PBXFileReference; lastKnownFileType = sourcecode.swift; path = "GameScene+Collisions.swift"; sourceTree = "<group>"; };
/* End PBXFileReference section */

/* Begin PBXFrameworksBuildPhase section */
		E93217FE2AE707BA00FA6FE3 /* Frameworks */ = {
			isa = PBXFrameworksBuildPhase;
			buildActionMask = 2147483647;
			files = (
			);
			runOnlyForDeploymentPostprocessing = 0;
		};
/* End PBXFrameworksBuildPhase section */

/* Begin PBXGroup section */
		E93217F82AE707BA00FA6FE3 = {
			isa = PBXGroup;
			children = (
				E93218032AE707BA00FA6FE3 /* SpriteKitIntegration */,
				E93218022AE707BA00FA6FE3 /* Products */,
			);
			sourceTree = "<group>";
		};
		E93218022AE707BA00FA6FE3 /* Products */ = {
			isa = PBXGroup;
			children = (
				E93218012AE707BA00FA6FE3 /* SpriteKitIntegration.app */,
			);
			name = Products;
			sourceTree = "<group>";
		};
		E93218032AE707BA00FA6FE3 /* SpriteKitIntegration */ = {
			isa = PBXGroup;
			children = (
				E93218042AE707BA00FA6FE3 /* SpriteKitIntegrationApp.swift */,
				E969D11E2AE83675001157B1 /* Views */,
				E969D11C2AE83660001157B1 /* GameScene */,
				E969D11D2AE8366A001157B1 /* Utilities */,
				E93218082AE707BC00FA6FE3 /* Assets.xcassets */,
				E932180A2AE707BC00FA6FE3 /* Preview Content */,
			);
			path = SpriteKitIntegration;
			sourceTree = "<group>";
		};
		E932180A2AE707BC00FA6FE3 /* Preview Content */ = {
			isa = PBXGroup;
			children = (
				E932180B2AE707BC00FA6FE3 /* Preview Assets.xcassets */,
			);
			path = "Preview Content";
			sourceTree = "<group>";
		};
		E969D11C2AE83660001157B1 /* GameScene */ = {
			isa = PBXGroup;
			children = (
				E93218122AE7186700FA6FE3 /* GameScene.swift */,
				E9EDD8562AE8234700659CA8 /* GameScene+Collisions.swift */,
				E9EDD8542AE822CC00659CA8 /* GameScene+Logic.swift */,
			);
			path = GameScene;
			sourceTree = "<group>";
		};
		E969D11D2AE8366A001157B1 /* Utilities */ = {
			isa = PBXGroup;
			children = (
				E93218142AE71E6000FA6FE3 /* BitMask.swift */,
				E969D11F2AE83692001157B1 /* GameLogicDelegate.swift */,
			);
			path = Utilities;
			sourceTree = "<group>";
		};
		E969D11E2AE83675001157B1 /* Views */ = {
			isa = PBXGroup;
			children = (
				E93218062AE707BA00FA6FE3 /* ContentView.swift */,
			);
			path = Views;
			sourceTree = "<group>";
		};
/* End PBXGroup section */

/* Begin PBXNativeTarget section */
		E93218002AE707BA00FA6FE3 /* SpriteKitIntegration */ = {
			isa = PBXNativeTarget;
			buildConfigurationList = E932180F2AE707BC00FA6FE3 /* Build configuration list for PBXNativeTarget "SpriteKitIntegration" */;
			buildPhases = (
				E93217FD2AE707BA00FA6FE3 /* Sources */,
				E93217FE2AE707BA00FA6FE3 /* Frameworks */,
				E93217FF2AE707BA00FA6FE3 /* Resources */,
			);
			buildRules = (
			);
			dependencies = (
			);
			name = SpriteKitIntegration;
			productName = SpriteKitIntegration;
			productReference = E93218012AE707BA00FA6FE3 /* SpriteKitIntegration.app */;
			productType = "com.apple.product-type.application";
		};
/* End PBXNativeTarget section */

/* Begin PBXProject section */
		E93217F92AE707BA00FA6FE3 /* Project object */ = {
			isa = PBXProject;
			attributes = {
				BuildIndependentTargetsInParallel = 1;
				LastSwiftUpdateCheck = 1430;
				LastUpgradeCheck = 1430;
				TargetAttributes = {
					E93218002AE707BA00FA6FE3 = {
						CreatedOnToolsVersion = 14.3;
					};
				};
			};
			buildConfigurationList = E93217FC2AE707BA00FA6FE3 /* Build configuration list for PBXProject "SpriteKitIntegration" */;
			compatibilityVersion = "Xcode 14.0";
			developmentRegion = en;
			hasScannedForEncodings = 0;
			knownRegions = (
				en,
				Base,
			);
			mainGroup = E93217F82AE707BA00FA6FE3;
			productRefGroup = E93218022AE707BA00FA6FE3 /* Products */;
			projectDirPath = "";
			projectRoot = "";
			targets = (
				E93218002AE707BA00FA6FE3 /* SpriteKitIntegration */,
			);
		};
/* End PBXProject section */

/* Begin PBXResourcesBuildPhase section */
		E93217FF2AE707BA00FA6FE3 /* Resources */ = {
			isa = PBXResourcesBuildPhase;
			buildActionMask = 2147483647;
			files = (
				E932180C2AE707BC00FA6FE3 /* Preview Assets.xcassets in Resources */,
				E93218092AE707BC00FA6FE3 /* Assets.xcassets in Resources */,
			);
			runOnlyForDeploymentPostprocessing = 0;
		};
/* End PBXResourcesBuildPhase section */

/* Begin PBXSourcesBuildPhase section */
		E93217FD2AE707BA00FA6FE3 /* Sources */ = {
			isa = PBXSourcesBuildPhase;
			buildActionMask = 2147483647;
			files = (
				E93218132AE7186700FA6FE3 /* GameScene.swift in Sources */,
				E93218072AE707BA00FA6FE3 /* ContentView.swift in Sources */,
				E969D1202AE83692001157B1 /* GameLogicDelegate.swift in Sources */,
				E93218052AE707BA00FA6FE3 /* SpriteKitIntegrationApp.swift in Sources */,
				E9EDD8572AE8234700659CA8 /* GameScene+Collisions.swift in Sources */,
				E9EDD8552AE822CC00659CA8 /* GameScene+Logic.swift in Sources */,
				E93218152AE71E6000FA6FE3 /* BitMask.swift in Sources */,
			);
			runOnlyForDeploymentPostprocessing = 0;
		};
/* End PBXSourcesBuildPhase section */

/* Begin XCBuildConfiguration section */
		E932180D2AE707BC00FA6FE3 /* Debug */ = {
			isa = XCBuildConfiguration;
			buildSettings = {
				ALWAYS_SEARCH_USER_PATHS = NO;
				CLANG_ANALYZER_NONNULL = YES;
				CLANG_ANALYZER_NUMBER_OBJECT_CONVERSION = YES_AGGRESSIVE;
				CLANG_CXX_LANGUAGE_STANDARD = "gnu++20";
				CLANG_ENABLE_MODULES = YES;
				CLANG_ENABLE_OBJC_ARC = YES;
				CLANG_ENABLE_OBJC_WEAK = YES;
				CLANG_WARN_BLOCK_CAPTURE_AUTORELEASING = YES;
				CLANG_WARN_BOOL_CONVERSION = YES;
				CLANG_WARN_COMMA = YES;
				CLANG_WARN_CONSTANT_CONVERSION = YES;
				CLANG_WARN_DEPRECATED_OBJC_IMPLEMENTATIONS = YES;
				CLANG_WARN_DIRECT_OBJC_ISA_USAGE = YES_ERROR;
				CLANG_WARN_DOCUMENTATION_COMMENTS = YES;
				CLANG_WARN_EMPTY_BODY = YES;
				CLANG_WARN_ENUM_CONVERSION = YES;
				CLANG_WARN_INFINITE_RECURSION = YES;
				CLANG_WARN_INT_CONVERSION = YES;
				CLANG_WARN_NON_LITERAL_NULL_CONVERSION = YES;
				CLANG_WARN_OBJC_IMPLICIT_RETAIN_SELF = YES;
				CLANG_WARN_OBJC_LITERAL_CONVERSION = YES;
				CLANG_WARN_OBJC_ROOT_CLASS = YES_ERROR;
				CLANG_WARN_QUOTED_INCLUDE_IN_FRAMEWORK_HEADER = YES;
				CLANG_WARN_RANGE_LOOP_ANALYSIS = YES;
				CLANG_WARN_STRICT_PROTOTYPES = YES;
				CLANG_WARN_SUSPICIOUS_MOVE = YES;
				CLANG_WARN_UNGUARDED_AVAILABILITY = YES_AGGRESSIVE;
				CLANG_WARN_UNREACHABLE_CODE = YES;
				CLANG_WARN__DUPLICATE_METHOD_MATCH = YES;
				COPY_PHASE_STRIP = NO;
				DEBUG_INFORMATION_FORMAT = dwarf;
				ENABLE_STRICT_OBJC_MSGSEND = YES;
				ENABLE_TESTABILITY = YES;
				GCC_C_LANGUAGE_STANDARD = gnu11;
				GCC_DYNAMIC_NO_PIC = NO;
				GCC_NO_COMMON_BLOCKS = YES;
				GCC_OPTIMIZATION_LEVEL = 0;
				GCC_PREPROCESSOR_DEFINITIONS = (
					"DEBUG=1",
					"$(inherited)",
				);
				GCC_WARN_64_TO_32_BIT_CONVERSION = YES;
				GCC_WARN_ABOUT_RETURN_TYPE = YES_ERROR;
				GCC_WARN_UNDECLARED_SELECTOR = YES;
				GCC_WARN_UNINITIALIZED_AUTOS = YES_AGGRESSIVE;
				GCC_WARN_UNUSED_FUNCTION = YES;
				GCC_WARN_UNUSED_VARIABLE = YES;
				IPHONEOS_DEPLOYMENT_TARGET = 16.4;
				MTL_ENABLE_DEBUG_INFO = INCLUDE_SOURCE;
				MTL_FAST_MATH = YES;
				ONLY_ACTIVE_ARCH = YES;
				SDKROOT = iphoneos;
				SWIFT_ACTIVE_COMPILATION_CONDITIONS = DEBUG;
				SWIFT_OPTIMIZATION_LEVEL = "-Onone";
			};
			name = Debug;
		};
		E932180E2AE707BC00FA6FE3 /* Release */ = {
			isa = XCBuildConfiguration;
			buildSettings = {
				ALWAYS_SEARCH_USER_PATHS = NO;
				CLANG_ANALYZER_NONNULL = YES;
				CLANG_ANALYZER_NUMBER_OBJECT_CONVERSION = YES_AGGRESSIVE;
				CLANG_CXX_LANGUAGE_STANDARD = "gnu++20";
				CLANG_ENABLE_MODULES = YES;
				CLANG_ENABLE_OBJC_ARC = YES;
				CLANG_ENABLE_OBJC_WEAK = YES;
				CLANG_WARN_BLOCK_CAPTURE_AUTORELEASING = YES;
				CLANG_WARN_BOOL_CONVERSION = YES;
				CLANG_WARN_COMMA = YES;
				CLANG_WARN_CONSTANT_CONVERSION = YES;
				CLANG_WARN_DEPRECATED_OBJC_IMPLEMENTATIONS = YES;
				CLANG_WARN_DIRECT_OBJC_ISA_USAGE = YES_ERROR;
				CLANG_WARN_DOCUMENTATION_COMMENTS = YES;
				CLANG_WARN_EMPTY_BODY = YES;
				CLANG_WARN_ENUM_CONVERSION = YES;
				CLANG_WARN_INFINITE_RECURSION = YES;
				CLANG_WARN_INT_CONVERSION = YES;
				CLANG_WARN_NON_LITERAL_NULL_CONVERSION = YES;
				CLANG_WARN_OBJC_IMPLICIT_RETAIN_SELF = YES;
				CLANG_WARN_OBJC_LITERAL_CONVERSION = YES;
				CLANG_WARN_OBJC_ROOT_CLASS = YES_ERROR;
				CLANG_WARN_QUOTED_INCLUDE_IN_FRAMEWORK_HEADER = YES;
				CLANG_WARN_RANGE_LOOP_ANALYSIS = YES;
				CLANG_WARN_STRICT_PROTOTYPES = YES;
				CLANG_WARN_SUSPICIOUS_MOVE = YES;
				CLANG_WARN_UNGUARDED_AVAILABILITY = YES_AGGRESSIVE;
				CLANG_WARN_UNREACHABLE_CODE = YES;
				CLANG_WARN__DUPLICATE_METHOD_MATCH = YES;
				COPY_PHASE_STRIP = NO;
				DEBUG_INFORMATION_FORMAT = "dwarf-with-dsym";
				ENABLE_NS_ASSERTIONS = NO;
				ENABLE_STRICT_OBJC_MSGSEND = YES;
				GCC_C_LANGUAGE_STANDARD = gnu11;
				GCC_NO_COMMON_BLOCKS = YES;
				GCC_WARN_64_TO_32_BIT_CONVERSION = YES;
				GCC_WARN_ABOUT_RETURN_TYPE = YES_ERROR;
				GCC_WARN_UNDECLARED_SELECTOR = YES;
				GCC_WARN_UNINITIALIZED_AUTOS = YES_AGGRESSIVE;
				GCC_WARN_UNUSED_FUNCTION = YES;
				GCC_WARN_UNUSED_VARIABLE = YES;
				IPHONEOS_DEPLOYMENT_TARGET = 16.4;
				MTL_ENABLE_DEBUG_INFO = NO;
				MTL_FAST_MATH = YES;
				SDKROOT = iphoneos;
				SWIFT_COMPILATION_MODE = wholemodule;
				SWIFT_OPTIMIZATION_LEVEL = "-O";
				VALIDATE_PRODUCT = YES;
			};
			name = Release;
		};
		E93218102AE707BC00FA6FE3 /* Debug */ = {
			isa = XCBuildConfiguration;
			buildSettings = {
				ASSETCATALOG_COMPILER_APPICON_NAME = AppIcon;
				ASSETCATALOG_COMPILER_GLOBAL_ACCENT_COLOR_NAME = AccentColor;
				CODE_SIGN_STYLE = Automatic;
				CURRENT_PROJECT_VERSION = 1;
				DEVELOPMENT_ASSET_PATHS = "\"SpriteKitIntegration/Preview Content\"";
				DEVELOPMENT_TEAM = 5S88AY6J4R;
				ENABLE_PREVIEWS = YES;
				GENERATE_INFOPLIST_FILE = YES;
				INFOPLIST_KEY_UIApplicationSceneManifest_Generation = YES;
				INFOPLIST_KEY_UIApplicationSupportsIndirectInputEvents = YES;
				INFOPLIST_KEY_UILaunchScreen_Generation = YES;
				INFOPLIST_KEY_UISupportedInterfaceOrientations_iPad = "UIInterfaceOrientationPortrait UIInterfaceOrientationPortraitUpsideDown UIInterfaceOrientationLandscapeLeft UIInterfaceOrientationLandscapeRight";
				INFOPLIST_KEY_UISupportedInterfaceOrientations_iPhone = "UIInterfaceOrientationPortrait UIInterfaceOrientationLandscapeLeft UIInterfaceOrientationLandscapeRight";
				LD_RUNPATH_SEARCH_PATHS = (
					"$(inherited)",
					"@executable_path/Frameworks",
				);
				MARKETING_VERSION = 1.0;
				PRODUCT_BUNDLE_IDENTIFIER = br.ufpe.cin.academy.tmc4.SpriteKitIntegration;
				PRODUCT_NAME = "$(TARGET_NAME)";
				SWIFT_EMIT_LOC_STRINGS = YES;
				SWIFT_VERSION = 5.0;
				TARGETED_DEVICE_FAMILY = "1,2";
			};
			name = Debug;
		};
		E93218112AE707BC00FA6FE3 /* Release */ = {
			isa = XCBuildConfiguration;
			buildSettings = {
				ASSETCATALOG_COMPILER_APPICON_NAME = AppIcon;
				ASSETCATALOG_COMPILER_GLOBAL_ACCENT_COLOR_NAME = AccentColor;
				CODE_SIGN_STYLE = Automatic;
				CURRENT_PROJECT_VERSION = 1;
				DEVELOPMENT_ASSET_PATHS = "\"SpriteKitIntegration/Preview Content\"";
				DEVELOPMENT_TEAM = 5S88AY6J4R;
				ENABLE_PREVIEWS = YES;
				GENERATE_INFOPLIST_FILE = YES;
				INFOPLIST_KEY_UIApplicationSceneManifest_Generation = YES;
				INFOPLIST_KEY_UIApplicationSupportsIndirectInputEvents = YES;
				INFOPLIST_KEY_UILaunchScreen_Generation = YES;
				INFOPLIST_KEY_UISupportedInterfaceOrientations_iPad = "UIInterfaceOrientationPortrait UIInterfaceOrientationPortraitUpsideDown UIInterfaceOrientationLandscapeLeft UIInterfaceOrientationLandscapeRight";
				INFOPLIST_KEY_UISupportedInterfaceOrientations_iPhone = "UIInterfaceOrientationPortrait UIInterfaceOrientationLandscapeLeft UIInterfaceOrientationLandscapeRight";
				LD_RUNPATH_SEARCH_PATHS = (
					"$(inherited)",
					"@executable_path/Frameworks",
				);
				MARKETING_VERSION = 1.0;
				PRODUCT_BUNDLE_IDENTIFIER = br.ufpe.cin.academy.tmc4.SpriteKitIntegration;
				PRODUCT_NAME = "$(TARGET_NAME)";
				SWIFT_EMIT_LOC_STRINGS = YES;
				SWIFT_VERSION = 5.0;
				TARGETED_DEVICE_FAMILY = "1,2";
			};
			name = Release;
		};
/* End XCBuildConfiguration section */

/* Begin XCConfigurationList section */
		E93217FC2AE707BA00FA6FE3 /* Build configuration list for PBXProject "SpriteKitIntegration" */ = {
			isa = XCConfigurationList;
			buildConfigurations = (
				E932180D2AE707BC00FA6FE3 /* Debug */,
				E932180E2AE707BC00FA6FE3 /* Release */,
			);
			defaultConfigurationIsVisible = 0;
			defaultConfigurationName = Release;
		};
		E932180F2AE707BC00FA6FE3 /* Build configuration list for PBXNativeTarget "SpriteKitIntegration" */ = {
			isa = XCConfigurationList;
			buildConfigurations = (
				E93218102AE707BC00FA6FE3 /* Debug */,
				E93218112AE707BC00FA6FE3 /* Release */,
			);
			defaultConfigurationIsVisible = 0;
			defaultConfigurationName = Release;
		};
/* End XCConfigurationList section */
	};
	rootObject = E93217F92AE707BA00FA6FE3 /* Project object */;
}
